<?xml version="1.0" encoding="utf-8"?>
<Project ToolsVersion="4.0" xmlns="http://schemas.microsoft.com/developer/msbuild/2003">
  <ItemGroup>
    <Filter Include="源文件">
      <UniqueIdentifier>{4FC737F1-C7A5-4376-A066-2A32D752A2FF}</UniqueIdentifier>
      <Extensions>cpp;c;cc;cxx;def;odl;idl;hpj;bat;asm;asmx</Extensions>
    </Filter>
    <Filter Include="Protocl">
      <UniqueIdentifier>{93995380-89BD-4b04-88EB-625FBE52EBFB}</UniqueIdentifier>
      <Extensions>h;hpp;hxx;hm;inl;inc;xsd</Extensions>
    </Filter>
    <Filter Include="Protocl\base">
      <UniqueIdentifier>{7fdcb6a6-3aac-4dbf-95ea-8a69b684afe2}</UniqueIdentifier>
    </Filter>
    <Filter Include="Protocl\Object">
      <UniqueIdentifier>{9d4b935f-a636-446f-9716-fd95f6cfe249}</UniqueIdentifier>
    </Filter>
    <Filter Include="Protocl\Object\Auth">
      <UniqueIdentifier>{bcb17326-c93c-4c64-8247-babb12308496}</UniqueIdentifier>
    </Filter>
    <Filter Include="Protocl\Object\MsgCenter">
      <UniqueIdentifier>{09912497-015e-4fdb-a248-2ed70e45c911}</UniqueIdentifier>
    </Filter>
    <Filter Include="Protocl\Object\SNS">
      <UniqueIdentifier>{20a8e169-de6f-44b9-8068-db104bdb941f}</UniqueIdentifier>
    </Filter>
    <Filter Include="common">
      <UniqueIdentifier>{67DA6AB6-F800-4c08-8B7A-83BB121AAD01}</UniqueIdentifier>
      <Extensions>rc;ico;cur;bmp;dlg;rc2;rct;bin;rgs;gif;jpg;jpeg;jpe;resx;tiff;tif;png;wav;mfcribbon-ms</Extensions>
    </Filter>
    <Filter Include="mdk">
      <UniqueIdentifier>{d122fe49-d666-450b-b172-5c98e6dddd35}</UniqueIdentifier>
    </Filter>
    <Filter Include="Protocl\Object\DBEntry">
      <UniqueIdentifier>{214c2e92-65ba-44a7-898c-b61228dcb07d}</UniqueIdentifier>
    </Filter>
  </ItemGroup>
  <ItemGroup>
    <ClCompile Include="..\..\..\Protocl\cpp\Buffer.cpp">
      <Filter>Protocl</Filter>
    </ClCompile>
    <ClCompile Include="..\..\..\Protocl\cpp\base\Message.cpp">
      <Filter>Protocl\base</Filter>
    </ClCompile>
    <ClCompile Include="..\..\..\Protocl\cpp\base\Socket.cpp">
      <Filter>Protocl\base</Filter>
    </ClCompile>
    <ClCompile Include="..\..\..\Protocl\cpp\base\Stream.cpp">
      <Filter>Protocl\base</Filter>
    </ClCompile>
    <ClCompile Include="..\..\..\Protocl\cpp\Object\Auth\BindingPhone.cpp">
      <Filter>Protocl\Object\Auth</Filter>
    </ClCompile>
    <ClCompile Include="..\..\..\Protocl\cpp\Object\Auth\ResetPassword.cpp">
      <Filter>Protocl\Object\Auth</Filter>
    </ClCompile>
    <ClCompile Include="..\..\..\Protocl\cpp\Object\Auth\UserLogin.cpp">
      <Filter>Protocl\Object\Auth</Filter>
    </ClCompile>
    <ClCompile Include="..\..\..\Protocl\cpp\Object\Auth\UserLogout.cpp">
      <Filter>Protocl\Object\Auth</Filter>
    </ClCompile>
    <ClCompile Include="..\..\..\Protocl\cpp\Object\Auth\UserRegister.cpp">
      <Filter>Protocl\Object\Auth</Filter>
    </ClCompile>
    <ClCompile Include="..\..\..\Protocl\cpp\Object\Auth\UserRelogin.cpp">
      <Filter>Protocl\Object\Auth</Filter>
    </ClCompile>
    <ClCompile Include="..\..\..\Protocl\cpp\Object\Notify\GetEvent.cpp">
      <Filter>Protocl\Object\MsgCenter</Filter>
    </ClCompile>
    <ClCompile Include="..\..\..\Protocl\cpp\Object\SNS\AddBuddy.cpp">
      <Filter>Protocl\Object\SNS</Filter>
    </ClCompile>
    <ClCompile Include="..\..\common\MD5Helper.cpp">
      <Filter>common</Filter>
    </ClCompile>
    <ClCompile Include="test.cpp" />
    <ClCompile Include="Console.cpp" />
    <ClCompile Include="..\Source\NetWorker.cpp">
      <Filter>源文件</Filter>
    </ClCompile>
    <ClCompile Include="..\..\mdk\ConfigFile.cpp">
      <Filter>mdk</Filter>
    </ClCompile>
    <ClCompile Include="..\..\mdk\Executor.cpp">
      <Filter>mdk</Filter>
    </ClCompile>
    <ClCompile Include="..\..\mdk\Lock.cpp">
      <Filter>mdk</Filter>
    </ClCompile>
    <ClCompile Include="..\..\mdk\mapi.cpp">
      <Filter>mdk</Filter>
    </ClCompile>
    <ClCompile Include="..\..\mdk\Signal.cpp">
      <Filter>mdk</Filter>
    </ClCompile>
    <ClCompile Include="..\..\mdk\Task.cpp">
      <Filter>mdk</Filter>
    </ClCompile>
    <ClCompile Include="..\..\mdk\Thread.cpp">
      <Filter>mdk</Filter>
    </ClCompile>
    <ClCompile Include="..\Source\Client.cpp">
      <Filter>源文件</Filter>
    </ClCompile>
    <ClCompile Include="..\..\..\Protocl\cpp\Object\SNS\Buddys.cpp">
      <Filter>Protocl\Object\SNS</Filter>
    </ClCompile>
    <ClCompile Include="..\..\..\Protocl\cpp\Object\SNS\Chat.cpp">
      <Filter>Protocl\Object\SNS</Filter>
    </ClCompile>
    <ClCompile Include="..\..\..\Protocl\cpp\Object\SNS\DelBuddy.cpp">
      <Filter>Protocl\Object\SNS</Filter>
    </ClCompile>
    <ClCompile Include="..\..\..\Protocl\cpp\Object\SNS\GetBuddys.cpp">
      <Filter>Protocl\Object\SNS</Filter>
    </ClCompile>
    <ClCompile Include="..\..\..\Protocl\cpp\Object\SNS\GetUserData.cpp">
      <Filter>Protocl\Object\SNS</Filter>
    </ClCompile>
    <ClCompile Include="..\..\..\Protocl\cpp\Object\SNS\SetUserData.cpp">
      <Filter>Protocl\Object\SNS</Filter>
    </ClCompile>
    <ClCompile Include="..\..\..\Protocl\cpp\Object\SNS\UserData.cpp">
      <Filter>Protocl\Object\SNS</Filter>
    </ClCompile>
    <ClCompile Include="..\..\..\Protocl\cpp\Object\DBEntry\BuddyBook.cpp">
      <Filter>Protocl\Object\DBEntry</Filter>
    </ClCompile>
    <ClCompile Include="..\..\..\Protocl\cpp\Object\DBEntry\BuddyMap.cpp">
      <Filter>Protocl\Object\DBEntry</Filter>
    </ClCompile>
    <ClCompile Include="..\..\..\Protocl\cpp\Object\DBEntry\BuildHouse.cpp">
      <Filter>Protocl\Object\DBEntry</Filter>
    </ClCompile>
    <ClCompile Include="..\..\..\Protocl\cpp\Object\DBEntry\GetPlayerData.cpp">
      <Filter>Protocl\Object\DBEntry</Filter>
    </ClCompile>
    <ClCompile Include="..\..\..\Protocl\cpp\Object\DBEntry\ItemBook.cpp">
      <Filter>Protocl\Object\DBEntry</Filter>
    </ClCompile>
    <ClCompile Include="..\..\..\Protocl\cpp\Object\DBEntry\Pets.cpp">
      <Filter>Protocl\Object\DBEntry</Filter>
    </ClCompile>
    <ClCompile Include="..\..\..\Protocl\cpp\Object\DBEntry\PlayerItems.cpp">
      <Filter>Protocl\Object\DBEntry</Filter>
    </ClCompile>
    <ClCompile Include="..\..\..\Protocl\cpp\Object\DBEntry\RaceMap.cpp">
      <Filter>Protocl\Object\DBEntry</Filter>
    </ClCompile>
    <ClCompile Include="..\..\..\Protocl\cpp\Object\DBEntry\SetupVersion.cpp">
      <Filter>Protocl\Object\DBEntry</Filter>
    </ClCompile>
    <ClCompile Include="..\..\..\Protocl\cpp\Object\DBEntry\SkillBook.cpp">
      <Filter>Protocl\Object\DBEntry</Filter>
    </ClCompile>
    <ClCompile Include="..\..\..\Protocl\cpp\Object\DBEntry\SyncItem.cpp">
      <Filter>Protocl\Object\DBEntry</Filter>
    </ClCompile>
    <ClCompile Include="..\..\..\Protocl\cpp\Object\DBEntry\SyncPets.cpp">
      <Filter>Protocl\Object\DBEntry</Filter>
    </ClCompile>
    <ClCompile Include="..\..\..\Protocl\cpp\Object\DBEntry\TalentBook.cpp">
      <Filter>Protocl\Object\DBEntry</Filter>
    </ClCompile>
    <ClCompile Include="..\..\..\Protocl\cpp\Object\DBEntry\TreePlant.cpp">
      <Filter>Protocl\Object\DBEntry</Filter>
    </ClCompile>
    <ClCompile Include="..\..\mdk\File.cpp">
      <Filter>mdk</Filter>
    </ClCompile>
    <ClCompile Include="..\..\..\common\BuddyData.cpp">
      <Filter>common</Filter>
    </ClCompile>
    <ClCompile Include="..\..\..\Protocl\cpp\Object\DBEntry\Player.cpp">
      <Filter>Protocl\Object\DBEntry</Filter>
    </ClCompile>
    <ClCompile Include="..\..\..\Protocl\cpp\Object\DBEntry\SyncPlayer.cpp">
      <Filter>Protocl\Object\DBEntry</Filter>
    </ClCompile>
    <ClCompile Include="..\Source\Game.cpp">
      <Filter>源文件</Filter>
    </ClCompile>
  </ItemGroup>
  <ItemGroup>
    <ClInclude Include="..\..\..\Protocl\cpp\Buffer.h">
      <Filter>Protocl</Filter>
    </ClInclude>
    <ClInclude Include="..\..\..\Protocl\cpp\Protocl.h">
      <Filter>Protocl</Filter>
    </ClInclude>
    <ClInclude Include="..\..\..\Protocl\cpp\base\Message.h">
      <Filter>Protocl\base</Filter>
    </ClInclude>
    <ClInclude Include="..\..\..\Protocl\cpp\base\Socket.h">
      <Filter>Protocl\base</Filter>
    </ClInclude>
    <ClInclude Include="..\..\..\Protocl\cpp\base\Stream.h">
      <Filter>Protocl\base</Filter>
    </ClInclude>
    <ClInclude Include="..\..\..\Protocl\cpp\Object\Auth\UserRelogin.h">
      <Filter>Protocl\Object\Auth</Filter>
    </ClInclude>
    <ClInclude Include="..\..\..\Protocl\cpp\Object\Auth\BindingPhone.h">
      <Filter>Protocl\Object\Auth</Filter>
    </ClInclude>
    <ClInclude Include="..\..\..\Protocl\cpp\Object\Auth\ResetPassword.h">
      <Filter>Protocl\Object\Auth</Filter>
    </ClInclude>
    <ClInclude Include="..\..\..\Protocl\cpp\Object\Auth\UserLogin.h">
      <Filter>Protocl\Object\Auth</Filter>
    </ClInclude>
    <ClInclude Include="..\..\..\Protocl\cpp\Object\Auth\UserLogout.h">
      <Filter>Protocl\Object\Auth</Filter>
    </ClInclude>
    <ClInclude Include="..\..\..\Protocl\cpp\Object\Auth\UserRegister.h">
      <Filter>Protocl\Object\Auth</Filter>
    </ClInclude>
    <ClInclude Include="..\..\..\Protocl\cpp\Object\Notify\GetEvent.h">
      <Filter>Protocl\Object\MsgCenter</Filter>
    </ClInclude>
    <ClInclude Include="..\..\..\Protocl\cpp\Object\SNS\AddBuddy.h">
      <Filter>Protocl\Object\SNS</Filter>
    </ClInclude>
    <ClInclude Include="..\..\common\MD5Helper.h">
      <Filter>common</Filter>
    </ClInclude>
    <ClInclude Include="Console.h" />
    <ClInclude Include="..\Source\NetWorker.h">
      <Filter>源文件</Filter>
    </ClInclude>
    <ClInclude Include="..\..\mdk\atom.h">
      <Filter>mdk</Filter>
    </ClInclude>
    <ClInclude Include="..\..\mdk\ConfigFile.h">
      <Filter>mdk</Filter>
    </ClInclude>
    <ClInclude Include="..\..\mdk\Executor.h">
      <Filter>mdk</Filter>
    </ClInclude>
    <ClInclude Include="..\..\mdk\FixLengthInt.h">
      <Filter>mdk</Filter>
    </ClInclude>
    <ClInclude Include="..\..\mdk\Lock.h">
      <Filter>mdk</Filter>
    </ClInclude>
    <ClInclude Include="..\..\mdk\mapi.h">
      <Filter>mdk</Filter>
    </ClInclude>
    <ClInclude Include="..\..\mdk\Signal.h">
      <Filter>mdk</Filter>
    </ClInclude>
    <ClInclude Include="..\..\mdk\Task.h">
      <Filter>mdk</Filter>
    </ClInclude>
    <ClInclude Include="..\..\mdk\Thread.h">
      <Filter>mdk</Filter>
    </ClInclude>
    <ClInclude Include="..\Source\Client.h">
      <Filter>源文件</Filter>
    </ClInclude>
    <ClInclude Include="..\..\..\Protocl\cpp\Object\SNS\Buddys.h">
      <Filter>Protocl\Object\SNS</Filter>
    </ClInclude>
    <ClInclude Include="..\..\..\Protocl\cpp\Object\SNS\Chat.h">
      <Filter>Protocl\Object\SNS</Filter>
    </ClInclude>
    <ClInclude Include="..\..\..\Protocl\cpp\Object\SNS\DelBuddy.h">
      <Filter>Protocl\Object\SNS</Filter>
    </ClInclude>
    <ClInclude Include="..\..\..\Protocl\cpp\Object\SNS\GetBuddys.h">
      <Filter>Protocl\Object\SNS</Filter>
    </ClInclude>
    <ClInclude Include="..\..\..\Protocl\cpp\Object\SNS\GetUserData.h">
      <Filter>Protocl\Object\SNS</Filter>
    </ClInclude>
    <ClInclude Include="..\..\..\Protocl\cpp\Object\SNS\SetUserData.h">
      <Filter>Protocl\Object\SNS</Filter>
    </ClInclude>
    <ClInclude Include="..\..\..\Protocl\cpp\Object\SNS\UserData.h">
      <Filter>Protocl\Object\SNS</Filter>
    </ClInclude>
    <ClInclude Include="..\..\..\Protocl\cpp\Object\DBEntry\BuddyBook.h">
      <Filter>Protocl\Object\DBEntry</Filter>
    </ClInclude>
    <ClInclude Include="..\..\..\Protocl\cpp\Object\DBEntry\BuddyMap.h">
      <Filter>Protocl\Object\DBEntry</Filter>
    </ClInclude>
    <ClInclude Include="..\..\..\Protocl\cpp\Object\DBEntry\BuildHouse.h">
      <Filter>Protocl\Object\DBEntry</Filter>
    </ClInclude>
    <ClInclude Include="..\..\..\Protocl\cpp\Object\DBEntry\GetPlayerData.h">
      <Filter>Protocl\Object\DBEntry</Filter>
    </ClInclude>
    <ClInclude Include="..\..\..\Protocl\cpp\Object\DBEntry\ItemBook.h">
      <Filter>Protocl\Object\DBEntry</Filter>
    </ClInclude>
    <ClInclude Include="..\..\..\Protocl\cpp\Object\DBEntry\Pets.h">
      <Filter>Protocl\Object\DBEntry</Filter>
    </ClInclude>
    <ClInclude Include="..\..\..\Protocl\cpp\Object\DBEntry\PlayerItems.h">
      <Filter>Protocl\Object\DBEntry</Filter>
    </ClInclude>
    <ClInclude Include="..\..\..\Protocl\cpp\Object\DBEntry\RaceMap.h">
      <Filter>Protocl\Object\DBEntry</Filter>
    </ClInclude>
    <ClInclude Include="..\..\..\Protocl\cpp\Object\DBEntry\SetupVersion.h">
      <Filter>Protocl\Object\DBEntry</Filter>
    </ClInclude>
    <ClInclude Include="..\..\..\Protocl\cpp\Object\DBEntry\SkillBook.h">
      <Filter>Protocl\Object\DBEntry</Filter>
    </ClInclude>
    <ClInclude Include="..\..\..\Protocl\cpp\Object\DBEntry\SyncItem.h">
      <Filter>Protocl\Object\DBEntry</Filter>
    </ClInclude>
    <ClInclude Include="..\..\..\Protocl\cpp\Object\DBEntry\SyncPets.h">
      <Filter>Protocl\Object\DBEntry</Filter>
    </ClInclude>
    <ClInclude Include="..\..\..\Protocl\cpp\Object\DBEntry\TalentBook.h">
      <Filter>Protocl\Object\DBEntry</Filter>
    </ClInclude>
    <ClInclude Include="..\..\..\Protocl\cpp\Object\DBEntry\TreePlant.h">
      <Filter>Protocl\Object\DBEntry</Filter>
    </ClInclude>
    <ClInclude Include="..\..\..\common\BuddyData.h">
      <Filter>common</Filter>
    </ClInclude>
    <ClInclude Include="..\..\mdk\File.h">
      <Filter>mdk</Filter>
    </ClInclude>
    <ClInclude Include="..\..\..\Protocl\cpp\Object\DBEntry\Player.h">
      <Filter>Protocl\Object\DBEntry</Filter>
    </ClInclude>
    <ClInclude Include="..\..\..\Protocl\cpp\Object\DBEntry\SyncPlayer.h">
      <Filter>Protocl\Object\DBEntry</Filter>
    </ClInclude>
    <ClInclude Include="..\Source\Game.h">
      <Filter>源文件</Filter>
    </ClInclude>
  </ItemGroup>
</Project>